{
    "_readme": [
        "This file locks the dependencies of your project to a known state",
        "Read more about it at https://getcomposer.org/doc/01-basic-usage.md#composer-lock-the-lock-file",
        "This file is @generated automatically"
    ],
    "content-hash": "db98215b1436a57ddeedc5df37485b35",
    "packages": [
        {
            "name": "api-jet/api-jet",
            "version": "dev-master",
            "source": {
                "type": "git",
                "url": "https://github.com/APIJet/APIJet.git",
                "reference": "644e033b083dc8aa4dea2864d7c5404acf41a1b5"
            },
            "dist": {
                "type": "zip",
                "url": "https://api.github.com/repos/APIJet/APIJet/zipball/644e033b083dc8aa4dea2864d7c5404acf41a1b5",
                "reference": "644e033b083dc8aa4dea2864d7c5404acf41a1b5",
                "shasum": ""
            },
            "require": {
                "php": ">=5.4.0"
            },
            "type": "library",
            "autoload": {
                "psr-0": {
                    "APIJet": "."
                }
            },
            "notification-url": "https://packagist.org/downloads/",
            "license": [
                "MIT"
            ],
            "description": "PHP Framework for RESTful API",
            "time": "2016-09-03 11:42:00"
        }
    ],
    "packages-dev": [],
    "aliases": [],
    "minimum-stability": "stable",
    "stability-flags": {
        "api-jet/api-jet": 20
    },
    "prefer-stable": false,
    "prefer-lowest": false,
    "platform": {
        "php": ">=5.4.0"
    },
    "platform-dev": []
}
